
Microsoft Visual Studio Solution File, Format Version 12.00
# Visual Studio Version 16
VisualStudioVersion = 16.0.29418.71
MinimumVisualStudioVersion = 10.0.40219.1
Project("{FAE04EC0-301F-11D3-BF4B-00C04F79EFBC}") = "MyShop.Core", "MyShop.Core\MyShop.Core.csproj", "{669AD98D-DF28-4E83-9D0C-9D47B0D5433D}"
EndProject
Project("{FAE04EC0-301F-11D3-BF4B-00C04F79EFBC}") = "MyShop.Services", "MyShop.Services\MyShop.Services.csproj", "{99BC5734-0868-4801-B764-0A21AB2D4544}"
EndProject
Project("{FAE04EC0-301F-11D3-BF4B-00C04F79EFBC}") = "MyShop.DataAccess.SQL", "MyShop.DataAccess.SQL\MyShop.DataAccess.SQL.csproj", "{01250804-8202-432E-B679-826595AB3348}"
EndProject
Project("{FAE04EC0-301F-11D3-BF4B-00C04F79EFBC}") = "MyShop.DataAccess.InMemory", "MyShop.DataAccess.InMemory\MyShop.DataAccess.InMemory.csproj", "{808C5142-2CDB-44DA-9573-C56DE81D5343}"
EndProject
Project("{FAE04EC0-301F-11D3-BF4B-00C04F79EFBC}") = "MyShop.WebUI", "MyShop.WebUI\MyShop.WebUI.csproj", "{2CBB1F9E-6711-43E0-BAD7-9F1C3CB939B2}"
EndProject
Global
	GlobalSection(SolutionConfigurationPlatforms) = preSolution
		Debug|Any CPU = Debug|Any CPU
		Release|Any CPU = Release|Any CPU
	EndGlobalSection
	GlobalSection(ProjectConfigurationPlatforms) = postSolution
		{669AD98D-DF28-4E83-9D0C-9D47B0D5433D}.Debug|Any CPU.ActiveCfg = Debug|Any CPU
		{669AD98D-DF28-4E83-9D0C-9D47B0D5433D}.Debug|Any CPU.Build.0 = Debug|Any CPU
		{669AD98D-DF28-4E83-9D0C-9D47B0D5433D}.Release|Any CPU.ActiveCfg = Release|Any CPU
		{669AD98D-DF28-4E83-9D0C-9D47B0D5433D}.Release|Any CPU.Build.0 = Release|Any CPU
		{99BC5734-0868-4801-B764-0A21AB2D4544}.Debug|Any CPU.ActiveCfg = Debug|Any CPU
		{99BC5734-0868-4801-B764-0A21AB2D4544}.Debug|Any CPU.Build.0 = Debug|Any CPU
		{99BC5734-0868-4801-B764-0A21AB2D4544}.Release|Any CPU.ActiveCfg = Release|Any CPU
		{99BC5734-0868-4801-B764-0A21AB2D4544}.Release|Any CPU.Build.0 = Release|Any CPU
		{01250804-8202-432E-B679-826595AB3348}.Debug|Any CPU.ActiveCfg = Debug|Any CPU
		{01250804-8202-432E-B679-826595AB3348}.Debug|Any CPU.Build.0 = Debug|Any CPU
		{01250804-8202-432E-B679-826595AB3348}.Release|Any CPU.ActiveCfg = Release|Any CPU
		{01250804-8202-432E-B679-826595AB3348}.Release|Any CPU.Build.0 = Release|Any CPU
		{808C5142-2CDB-44DA-9573-C56DE81D5343}.Debug|Any CPU.ActiveCfg = Debug|Any CPU
		{808C5142-2CDB-44DA-9573-C56DE81D5343}.Debug|Any CPU.Build.0 = Debug|Any CPU
		{808C5142-2CDB-44DA-9573-C56DE81D5343}.Release|Any CPU.ActiveCfg = Release|Any CPU
		{808C5142-2CDB-44DA-9573-C56DE81D5343}.Release|Any CPU.Build.0 = Release|Any CPU
		{2CBB1F9E-6711-43E0-BAD7-9F1C3CB939B2}.Debug|Any CPU.ActiveCfg = Debug|Any CPU
		{2CBB1F9E-6711-43E0-BAD7-9F1C3CB939B2}.Debug|Any CPU.Build.0 = Debug|Any CPU
		{2CBB1F9E-6711-43E0-BAD7-9F1C3CB939B2}.Release|Any CPU.ActiveCfg = Release|Any CPU
		{2CBB1F9E-6711-43E0-BAD7-9F1C3CB939B2}.Release|Any CPU.Build.0 = Release|Any CPU
	EndGlobalSection
	GlobalSection(SolutionProperties) = preSolution
		HideSolutionNode = FALSE
	EndGlobalSection
	GlobalSection(ExtensibilityGlobals) = postSolution
		SolutionGuid = {A28907DA-DE66-46E9-B242-DB684E607895}
	EndGlobalSection
EndGlobal
